// !$*UTF8*$!
{
	archiveVersion = 1;
	classes = {
	};
	objectVersion = 50;
	objects = {

/* Begin PBXBuildFile section */
		AA143C9E2268FE6800BFACDD /* ItemsViewController.swift in Sources */ = {isa = PBXBuildFile; fileRef = AA143C9D2268FE6800BFACDD /* ItemsViewController.swift */; };
		AA85CE75226BB11800C79F33 /* ItemStore.swift in Sources */ = {isa = PBXBuildFile; fileRef = AA85CE74226BB11800C79F33 /* ItemStore.swift */; };
		AA91AEB6226A41E100ADC5CC /* Item.swift in Sources */ = {isa = PBXBuildFile; fileRef = AA91AEB5226A41E100ADC5CC /* Item.swift */; };
		AAB0A7AA22626BAD00D9CEB0 /* AppDelegate.swift in Sources */ = {isa = PBXBuildFile; fileRef = AAB0A7A922626BAD00D9CEB0 /* AppDelegate.swift */; };
		AAB0A7AF22626BAD00D9CEB0 /* Main.storyboard in Resources */ = {isa = PBXBuildFile; fileRef = AAB0A7AD22626BAD00D9CEB0 /* Main.storyboard */; };
		AAB0A7B122626BAF00D9CEB0 /* Assets.xcassets in Resources */ = {isa = PBXBuildFile; fileRef = AAB0A7B022626BAF00D9CEB0 /* Assets.xcassets */; };
		AAB0A7B422626BAF00D9CEB0 /* LaunchScreen.storyboard in Resources */ = {isa = PBXBuildFile; fileRef = AAB0A7B222626BAF00D9CEB0 /* LaunchScreen.storyboard */; };
		AAB0A7BF22626BAF00D9CEB0 /* HomepwnerTests.swift in Sources */ = {isa = PBXBuildFile; fileRef = AAB0A7BE22626BAF00D9CEB0 /* HomepwnerTests.swift */; };
		AAB0A7CA22626BAF00D9CEB0 /* HomepwnerUITests.swift in Sources */ = {isa = PBXBuildFile; fileRef = AAB0A7C922626BAF00D9CEB0 /* HomepwnerUITests.swift */; };
/* End PBXBuildFile section */

/* Begin PBXContainerItemProxy section */
		AAB0A7BB22626BAF00D9CEB0 /* PBXContainerItemProxy */ = {
			isa = PBXContainerItemProxy;
			containerPortal = AAB0A79E22626BAD00D9CEB0 /* Project object */;
			proxyType = 1;
			remoteGlobalIDString = AAB0A7A522626BAD00D9CEB0;
			remoteInfo = Homepwner;
		};
		AAB0A7C622626BAF00D9CEB0 /* PBXContainerItemProxy */ = {
			isa = PBXContainerItemProxy;
			containerPortal = AAB0A79E22626BAD00D9CEB0 /* Project object */;
			proxyType = 1;
			remoteGlobalIDString = AAB0A7A522626BAD00D9CEB0;
			remoteInfo = Homepwner;
		};
/* End PBXContainerItemProxy section */

/* Begin PBXFileReference section */
		AA143C9D2268FE6800BFACDD /* ItemsViewController.swift */ = {isa = PBXFileReference; lastKnownFileType = sourcecode.swift; path = ItemsViewController.swift; sourceTree = "<group>"; };
		AA85CE74226BB11800C79F33 /* ItemStore.swift */ = {isa = PBXFileReference; lastKnownFileType = sourcecode.swift; path = ItemStore.swift; sourceTree = "<group>"; };
		AA91AEB5226A41E100ADC5CC /* Item.swift */ = {isa = PBXFileReference; lastKnownFileType = sourcecode.swift; path = Item.swift; sourceTree = "<group>"; };
		AAB0A7A622626BAD00D9CEB0 /* Homepwner.app */ = {isa = PBXFileReference; explicitFileType = wrapper.application; includeInIndex = 0; path = Homepwner.app; sourceTree = BUILT_PRODUCTS_DIR; };
		AAB0A7A922626BAD00D9CEB0 /* AppDelegate.swift */ = {isa = PBXFileReference; lastKnownFileType = sourcecode.swift; path = AppDelegate.swift; sourceTree = "<group>"; };
		AAB0A7AE22626BAD00D9CEB0 /* Base */ = {isa = PBXFileReference; lastKnownFileType = file.storyboard; name = Base; path = Base.lproj/Main.storyboard; sourceTree = "<group>"; };
		AAB0A7B022626BAF00D9CEB0 /* Assets.xcassets */ = {isa = PBXFileReference; lastKnownFileType = folder.assetcatalog; path = Assets.xcassets; sourceTree = "<group>"; };
		AAB0A7B322626BAF00D9CEB0 /* Base */ = {isa = PBXFileReference; lastKnownFileType = file.storyboard; name = Base; path = Base.lproj/LaunchScreen.storyboard; sourceTree = "<group>"; };
		AAB0A7B522626BAF00D9CEB0 /* Info.plist */ = {isa = PBXFileReference; lastKnownFileType = text.plist.xml; path = Info.plist; sourceTree = "<group>"; };
		AAB0A7BA22626BAF00D9CEB0 /* HomepwnerTests.xctest */ = {isa = PBXFileReference; explicitFileType = wrapper.cfbundle; includeInIndex = 0; path = HomepwnerTests.xctest; sourceTree = BUILT_PRODUCTS_DIR; };
		AAB0A7BE22626BAF00D9CEB0 /* HomepwnerTests.swift */ = {isa = PBXFileReference; lastKnownFileType = sourcecode.swift; path = HomepwnerTests.swift; sourceTree = "<group>"; };
		AAB0A7C022626BAF00D9CEB0 /* Info.plist */ = {isa = PBXFileReference; lastKnownFileType = text.plist.xml; path = Info.plist; sourceTree = "<group>"; };
		AAB0A7C522626BAF00D9CEB0 /* HomepwnerUITests.xctest */ = {isa = PBXFileReference; explicitFileType = wrapper.cfbundle; includeInIndex = 0; path = HomepwnerUITests.xctest; sourceTree = BUILT_PRODUCTS_DIR; };
		AAB0A7C922626BAF00D9CEB0 /* HomepwnerUITests.swift */ = {isa = PBXFileReference; lastKnownFileType = sourcecode.swift; path = HomepwnerUITests.swift; sourceTree = "<group>"; };
		AAB0A7CB22626BAF00D9CEB0 /* Info.plist */ = {isa = PBXFileReference; lastKnownFileType = text.plist.xml; path = Info.plist; sourceTree = "<group>"; };
/* End PBXFileReference section */

/* Begin PBXFrameworksBuildPhase section */
		AAB0A7A322626BAD00D9CEB0 /* Frameworks */ = {
			isa = PBXFrameworksBuildPhase;
			buildActionMask = 2147483647;
			files = (
			);
			runOnlyForDeploymentPostprocessing = 0;
		};
		AAB0A7B722626BAF00D9CEB0 /* Frameworks */ = {
			isa = PBXFrameworksBuildPhase;
			buildActionMask = 2147483647;
			files = (
			);
			runOnlyForDeploymentPostprocessing = 0;
		};
		AAB0A7C222626BAF00D9CEB0 /* Frameworks */ = {
			isa = PBXFrameworksBuildPhase;
			buildActionMask = 2147483647;
			files = (
			);
			runOnlyForDeploymentPostprocessing = 0;
		};
/* End PBXFrameworksBuildPhase section */

/* Begin PBXGroup section */
		AAB0A79D22626BAD00D9CEB0 = {
			isa = PBXGroup;
			children = (
				AAB0A7A822626BAD00D9CEB0 /* Homepwner */,
				AAB0A7BD22626BAF00D9CEB0 /* HomepwnerTests */,
				AAB0A7C822626BAF00D9CEB0 /* HomepwnerUITests */,
				AAB0A7A722626BAD00D9CEB0 /* Products */,
			);
			sourceTree = "<group>";
		};
		AAB0A7A722626BAD00D9CEB0 /* Products */ = {
			isa = PBXGroup;
			children = (
				AAB0A7A622626BAD00D9CEB0 /* Homepwner.app */,
				AAB0A7BA22626BAF00D9CEB0 /* HomepwnerTests.xctest */,
				AAB0A7C522626BAF00D9CEB0 /* HomepwnerUITests.xctest */,
			);
			name = Products;
			sourceTree = "<group>";
		};
		AAB0A7A822626BAD00D9CEB0 /* Homepwner */ = {
			isa = PBXGroup;
			children = (
				AAB0A7A922626BAD00D9CEB0 /* AppDelegate.swift */,
				AA143C9D2268FE6800BFACDD /* ItemsViewController.swift */,
				AA91AEB5226A41E100ADC5CC /* Item.swift */,
				AA85CE74226BB11800C79F33 /* ItemStore.swift */,
				AAB0A7AD22626BAD00D9CEB0 /* Main.storyboard */,
				AAB0A7B022626BAF00D9CEB0 /* Assets.xcassets */,
				AAB0A7B222626BAF00D9CEB0 /* LaunchScreen.storyboard */,
				AAB0A7B522626BAF00D9CEB0 /* Info.plist */,
			);
			path = Homepwner;
			sourceTree = "<group>";
		};
		AAB0A7BD22626BAF00D9CEB0 /* HomepwnerTests */ = {
			isa = PBXGroup;
			children = (
				AAB0A7BE22626BAF00D9CEB0 /* HomepwnerTests.swift */,
				AAB0A7C022626BAF00D9CEB0 /* Info.plist */,
			);
			path = HomepwnerTests;
			sourceTree = "<group>";
		};
		AAB0A7C822626BAF00D9CEB0 /* HomepwnerUITests */ = {
			isa = PBXGroup;
			children = (
				AAB0A7C922626BAF00D9CEB0 /* HomepwnerUITests.swift */,
				AAB0A7CB22626BAF00D9CEB0 /* Info.plist */,
			);
			path = HomepwnerUITests;
			sourceTree = "<group>";
		};
/* End PBXGroup section */

/* Begin PBXNativeTarget section */
		AAB0A7A522626BAD00D9CEB0 /* Homepwner */ = {
			isa = PBXNativeTarget;
			buildConfigurationList = AAB0A7CE22626BAF00D9CEB0 /* Build configuration list for PBXNativeTarget "Homepwner" */;
			buildPhases = (
				AAB0A7A222626BAD00D9CEB0 /* Sources */,
				AAB0A7A322626BAD00D9CEB0 /* Frameworks */,
				AAB0A7A422626BAD00D9CEB0 /* Resources */,
			);
			buildRules = (
			);
			dependencies = (
			);
			name = Homepwner;
			productName = Homepwner;
			productReference = AAB0A7A622626BAD00D9CEB0 /* Homepwner.app */;
			productType = "com.apple.product-type.application";
		};
		AAB0A7B922626BAF00D9CEB0 /* HomepwnerTests */ = {
			isa = PBXNativeTarget;
			buildConfigurationList = AAB0A7D122626BAF00D9CEB0 /* Build configuration list for PBXNativeTarget "HomepwnerTests" */;
			buildPhases = (
				AAB0A7B622626BAF00D9CEB0 /* Sources */,
				AAB0A7B722626BAF00D9CEB0 /* Frameworks */,
				AAB0A7B822626BAF00D9CEB0 /* Resources */,
			);
			buildRules = (
			);
			dependencies = (
				AAB0A7BC22626BAF00D9CEB0 /* PBXTargetDependency */,
			);
			name = HomepwnerTests;
			productName = HomepwnerTests;
			productReference = AAB0A7BA22626BAF00D9CEB0 /* HomepwnerTests.xctest */;
			productType = "com.apple.product-type.bundle.unit-test";
		};
		AAB0A7C422626BAF00D9CEB0 /* HomepwnerUITests */ = {
			isa = PBXNativeTarget;
			buildConfigurationList = AAB0A7D422626BAF00D9CEB0 /* Build configuration list for PBXNativeTarget "HomepwnerUITests" */;
			buildPhases = (
				AAB0A7C122626BAF00D9CEB0 /* Sources */,
				AAB0A7C222626BAF00D9CEB0 /* Frameworks */,
				AAB0A7C322626BAF00D9CEB0 /* Resources */,
			);
			buildRules = (
			);
			dependencies = (
				AAB0A7C722626BAF00D9CEB0 /* PBXTargetDependency */,
			);
			name = HomepwnerUITests;
			productName = HomepwnerUITests;
			productReference = AAB0A7C522626BAF00D9CEB0 /* HomepwnerUITests.xctest */;
			productType = "com.apple.product-type.bundle.ui-testing";
		};
/* End PBXNativeTarget section */

/* Begin PBXProject section */
		AAB0A79E22626BAD00D9CEB0 /* Project object */ = {
			isa = PBXProject;
			attributes = {
				LastSwiftUpdateCheck = 1020;
				LastUpgradeCheck = 1020;
				ORGANIZATIONNAME = "Big Nerd Ranch";
				TargetAttributes = {
					AAB0A7A522626BAD00D9CEB0 = {
						CreatedOnToolsVersion = 10.2;
					};
					AAB0A7B922626BAF00D9CEB0 = {
						CreatedOnToolsVersion = 10.2;
						TestTargetID = AAB0A7A522626BAD00D9CEB0;
					};
					AAB0A7C422626BAF00D9CEB0 = {
						CreatedOnToolsVersion = 10.2;
						TestTargetID = AAB0A7A522626BAD00D9CEB0;
					};
				};
			};
			buildConfigurationList = AAB0A7A122626BAD00D9CEB0 /* Build configuration list for PBXProject "Homepwner" */;
			compatibilityVersion = "Xcode 9.3";
			developmentRegion = en;
			hasScannedForEncodings = 0;
			knownRegions = (
				en,
				Base,
			);
			mainGroup = AAB0A79D22626BAD00D9CEB0;
			productRefGroup = AAB0A7A722626BAD00D9CEB0 /* Products */;
			projectDirPath = "";
			projectRoot = "";
			targets = (
				AAB0A7A522626BAD00D9CEB0 /* Homepwner */,
				AAB0A7B922626BAF00D9CEB0 /* HomepwnerTests */,
				AAB0A7C422626BAF00D9CEB0 /* HomepwnerUITests */,
			);
		};
/* End PBXProject section */

/* Begin PBXResourcesBuildPhase section */
		AAB0A7A422626BAD00D9CEB0 /* Resources */ = {
			isa = PBXResourcesBuildPhase;
			buildActionMask = 2147483647;
			files = (
				AAB0A7B422626BAF00D9CEB0 /* LaunchScreen.storyboard in Resources */,
				AAB0A7B122626BAF00D9CEB0 /* Assets.xcassets in Resources */,
				AAB0A7AF22626BAD00D9CEB0 /* Main.storyboard in Resources */,
			);
			runOnlyForDeploymentPostprocessing = 0;
		};
		AAB0A7B822626BAF00D9CEB0 /* Resources */ = {
			isa = PBXResourcesBuildPhase;
			buildActionMask = 2147483647;
			files = (
			);
			runOnlyForDeploymentPostprocessing = 0;
		};
		AAB0A7C322626BAF00D9CEB0 /* Resources */ = {
			isa = PBXResourcesBuildPhase;
			buildActionMask = 2147483647;
			files = (
			);
			runOnlyForDeploymentPostprocessing = 0;
		};
/* End PBXResourcesBuildPhase section */

/* Begin PBXSourcesBuildPhase section */
		AAB0A7A222626BAD00D9CEB0 /* Sources */ = {
			isa = PBXSourcesBuildPhase;
			buildActionMask = 2147483647;
			files = (
				AA143C9E2268FE6800BFACDD /* ItemsViewController.swift in Sources */,
				AA91AEB6226A41E100ADC5CC /* Item.swift in Sources */,
				AA85CE75226BB11800C79F33 /* ItemStore.swift in Sources */,
				AAB0A7AA22626BAD00D9CEB0 /* AppDelegate.swift in Sources */,
			);
			runOnlyForDeploymentPostprocessing = 0;
		};
		AAB0A7B622626BAF00D9CEB0 /* Sources */ = {
			isa = PBXSourcesBuildPhase;
			buildActionMask = 2147483647;
			files = (
				AAB0A7BF22626BAF00D9CEB0 /* HomepwnerTests.swift in Sources */,
			);
			runOnlyForDeploymentPostprocessing = 0;
		};
		AAB0A7C122626BAF00D9CEB0 /* Sources */ = {
			isa = PBXSourcesBuildPhase;
			buildActionMask = 2147483647;
			files = (
				AAB0A7CA22626BAF00D9CEB0 /* HomepwnerUITests.swift in Sources */,
			);
			runOnlyForDeploymentPostprocessing = 0;
		};
/* End PBXSourcesBuildPhase section */

/* Begin PBXTargetDependency section */
		AAB0A7BC22626BAF00D9CEB0 /* PBXTargetDependency */ = {
			isa = PBXTargetDependency;
			target = AAB0A7A522626BAD00D9CEB0 /* Homepwner */;
			targetProxy = AAB0A7BB22626BAF00D9CEB0 /* PBXContainerItemProxy */;
		};
		AAB0A7C722626BAF00D9CEB0 /* PBXTargetDependency */ = {
			isa = PBXTargetDependency;
			target = AAB0A7A522626BAD00D9CEB0 /* Homepwner */;
			targetProxy = AAB0A7C622626BAF00D9CEB0 /* PBXContainerItemProxy */;
		};
/* End PBXTargetDependency section */

/* Begin PBXVariantGroup section */
		AAB0A7AD22626BAD00D9CEB0 /* Main.storyboard */ = {
			isa = PBXVariantGroup;
			children = (
				AAB0A7AE22626BAD00D9CEB0 /* Base */,
			);
			name = Main.storyboard;
			sourceTree = "<group>";
		};
		AAB0A7B222626BAF00D9CEB0 /* LaunchScreen.storyboard */ = {
			isa = PBXVariantGroup;
			children = (
				AAB0A7B322626BAF00D9CEB0 /* Base */,
			);
			name = LaunchScreen.storyboard;
			sourceTree = "<group>";
		};
/* End PBXVariantGroup section */

/* Begin XCBuildConfiguration section */
		AAB0A7CC22626BAF00D9CEB0 /* Debug */ = {
			isa = XCBuildConfiguration;
			buildSettings = {
				ALWAYS_SEARCH_USER_PATHS = NO;
				CLANG_ANALYZER_NONNULL = YES;
				CLANG_ANALYZER_NUMBER_OBJECT_CONVERSION = YES_AGGRESSIVE;
				CLANG_CXX_LANGUAGE_STANDARD = "gnu++14";
				CLANG_CXX_LIBRARY = "libc++";
				CLANG_ENABLE_MODULES = YES;
				CLANG_ENABLE_OBJC_ARC = YES;
				CLANG_ENABLE_OBJC_WEAK = YES;
				CLANG_WARN_BLOCK_CAPTURE_AUTORELEASING = YES;
				CLANG_WARN_BOOL_CONVERSION = YES;
				CLANG_WARN_COMMA = YES;
				CLANG_WARN_CONSTANT_CONVERSION = YES;
				CLANG_WARN_DEPRECATED_OBJC_IMPLEMENTATIONS = YES;
				CLANG_WARN_DIRECT_OBJC_ISA_USAGE = YES_ERROR;
				CLANG_WARN_DOCUMENTATION_COMMENTS = YES;
				CLANG_WARN_EMPTY_BODY = YES;
				CLANG_WARN_ENUM_CONVERSION = YES;
				CLANG_WARN_INFINITE_RECURSION = YES;
				CLANG_WARN_INT_CONVERSION = YES;
				CLANG_WARN_NON_LITERAL_NULL_CONVERSION = YES;
				CLANG_WARN_OBJC_IMPLICIT_RETAIN_SELF = YES;
				CLANG_WARN_OBJC_LITERAL_CONVERSION = YES;
				CLANG_WARN_OBJC_ROOT_CLASS = YES_ERROR;
				CLANG_WARN_RANGE_LOOP_ANALYSIS = YES;
				CLANG_WARN_STRICT_PROTOTYPES = YES;
				CLANG_WARN_SUSPICIOUS_MOVE = YES;
				CLANG_WARN_UNGUARDED_AVAILABILITY = YES_AGGRESSIVE;
				CLANG_WARN_UNREACHABLE_CODE = YES;
				CLANG_WARN__DUPLICATE_METHOD_MATCH = YES;
				CODE_SIGN_IDENTITY = "iPhone Developer";
				COPY_PHASE_STRIP = NO;
				DEBUG_INFORMATION_FORMAT = dwarf;
				ENABLE_STRICT_OBJC_MSGSEND = YES;
				ENABLE_TESTABILITY = YES;
				GCC_C_LANGUAGE_STANDARD = gnu11;
				GCC_DYNAMIC_NO_PIC = NO;
				GCC_NO_COMMON_BLOCKS = YES;
				GCC_OPTIMIZATION_LEVEL = 0;
				GCC_PREPROCESSOR_DEFINITIONS = (
					"DEBUG=1",
					"$(inherited)",
				);
				GCC_WARN_64_TO_32_BIT_CONVERSION = YES;
				GCC_WARN_ABOUT_RETURN_TYPE = YES_ERROR;
				GCC_WARN_UNDECLARED_SELECTOR = YES;
				GCC_WARN_UNINITIALIZED_AUTOS = YES_AGGRESSIVE;
				GCC_WARN_UNUSED_FUNCTION = YES;
				GCC_WARN_UNUSED_VARIABLE = YES;
				IPHONEOS_DEPLOYMENT_TARGET = 12.2;
				MTL_ENABLE_DEBUG_INFO = INCLUDE_SOURCE;
				MTL_FAST_MATH = YES;
				ONLY_ACTIVE_ARCH = YES;
				SDKROOT = iphoneos;
				SWIFT_ACTIVE_COMPILATION_CONDITIONS = DEBUG;
				SWIFT_OPTIMIZATION_LEVEL = "-Onone";
			};
			name = Debug;
		};
		AAB0A7CD22626BAF00D9CEB0 /* Release */ = {
			isa = XCBuildConfiguration;
			buildSettings = {
				ALWAYS_SEARCH_USER_PATHS = NO;
				CLANG_ANALYZER_NONNULL = YES;
				CLANG_ANALYZER_NUMBER_OBJECT_CONVERSION = YES_AGGRESSIVE;
				CLANG_CXX_LANGUAGE_STANDARD = "gnu++14";
				CLANG_CXX_LIBRARY = "libc++";
				CLANG_ENABLE_MODULES = YES;
				CLANG_ENABLE_OBJC_ARC = YES;
				CLANG_ENABLE_OBJC_WEAK = YES;
				CLANG_WARN_BLOCK_CAPTURE_AUTORELEASING = YES;
				CLANG_WARN_BOOL_CONVERSION = YES;
				CLANG_WARN_COMMA = YES;
				CLANG_WARN_CONSTANT_CONVERSION = YES;
				CLANG_WARN_DEPRECATED_OBJC_IMPLEMENTATIONS = YES;
				CLANG_WARN_DIRECT_OBJC_ISA_USAGE = YES_ERROR;
				CLANG_WARN_DOCUMENTATION_COMMENTS = YES;
				CLANG_WARN_EMPTY_BODY = YES;
				CLANG_WARN_ENUM_CONVERSION = YES;
				CLANG_WARN_INFINITE_RECURSION = YES;
				CLANG_WARN_INT_CONVERSION = YES;
				CLANG_WARN_NON_LITERAL_NULL_CONVERSION = YES;
				CLANG_WARN_OBJC_IMPLICIT_RETAIN_SELF = YES;
				CLANG_WARN_OBJC_LITERAL_CONVERSION = YES;
				CLANG_WARN_OBJC_ROOT_CLASS = YES_ERROR;
				CLANG_WARN_RANGE_LOOP_ANALYSIS = YES;
				CLANG_WARN_STRICT_PROTOTYPES = YES;
				CLANG_WARN_SUSPICIOUS_MOVE = YES;
				CLANG_WARN_UNGUARDED_AVAILABILITY = YES_AGGRESSIVE;
				CLANG_WARN_UNREACHABLE_CODE = YES;
				CLANG_WARN__DUPLICATE_METHOD_MATCH = YES;
				CODE_SIGN_IDENTITY = "iPhone Developer";
				COPY_PHASE_STRIP = NO;
				DEBUG_INFORMATION_FORMAT = "dwarf-with-dsym";
				ENABLE_NS_ASSERTIONS = NO;
				ENABLE_STRICT_OBJC_MSGSEND = YES;
				GCC_C_LANGUAGE_STANDARD = gnu11;
				GCC_NO_COMMON_BLOCKS = YES;
				GCC_WARN_64_TO_32_BIT_CONVERSION = YES;
				GCC_WARN_ABOUT_RETURN_TYPE = YES_ERROR;
				GCC_WARN_UNDECLARED_SELECTOR = YES;
				GCC_WARN_UNINITIALIZED_AUTOS = YES_AGGRESSIVE;
				GCC_WARN_UNUSED_FUNCTION = YES;
				GCC_WARN_UNUSED_VARIABLE = YES;
				IPHONEOS_DEPLOYMENT_TARGET = 12.2;
				MTL_ENABLE_DEBUG_INFO = NO;
				MTL_FAST_MATH = YES;
				SDKROOT = iphoneos;
				SWIFT_COMPILATION_MODE = wholemodule;
				SWIFT_OPTIMIZATION_LEVEL = "-O";
				VALIDATE_PRODUCT = YES;
			};
			name = Release;
		};
		AAB0A7CF22626BAF00D9CEB0 /* Debug */ = {
			isa = XCBuildConfiguration;
			buildSettings = {
				ASSETCATALOG_COMPILER_APPICON_NAME = AppIcon;
				CODE_SIGN_STYLE = Automatic;
				INFOPLIST_FILE = Homepwner/Info.plist;
				LD_RUNPATH_SEARCH_PATHS = (
					"$(inherited)",
					"@executable_path/Frameworks",
				);
				PRODUCT_BUNDLE_IDENTIFIER = com.bignerdranch.Homepwner;
				PRODUCT_NAME = "$(TARGET_NAME)";
				SWIFT_VERSION = 5.0;
				TARGETED_DEVICE_FAMILY = "1,2";
			};
			name = Debug;
		};
		AAB0A7D022626BAF00D9CEB0 /* Release */ = {
			isa = XCBuildConfiguration;
			buildSettings = {
				ASSETCATALOG_COMPILER_APPICON_NAME = AppIcon;
				CODE_SIGN_STYLE = Automatic;
				INFOPLIST_FILE = Homepwner/Info.plist;
				LD_RUNPATH_SEARCH_PATHS = (
					"$(inherited)",
					"@executable_path/Frameworks",
				);
				PRODUCT_BUNDLE_IDENTIFIER = com.bignerdranch.Homepwner;
				PRODUCT_NAME = "$(TARGET_NAME)";
				SWIFT_VERSION = 5.0;
				TARGETED_DEVICE_FAMILY = "1,2";
			};
			name = Release;
		};
		AAB0A7D222626BAF00D9CEB0 /* Debug */ = {
			isa = XCBuildConfiguration;
			buildSettings = {
				ALWAYS_EMBED_SWIFT_STANDARD_LIBRARIES = YES;
				BUNDLE_LOADER = "$(TEST_HOST)";
				CODE_SIGN_STYLE = Automatic;
				INFOPLIST_FILE = HomepwnerTests/Info.plist;
				LD_RUNPATH_SEARCH_PATHS = (
					"$(inherited)",
					"@executable_path/Frameworks",
					"@loader_path/Frameworks",
				);
				PRODUCT_BUNDLE_IDENTIFIER = com.bignerdranch.HomepwnerTests;
				PRODUCT_NAME = "$(TARGET_NAME)";
				SWIFT_VERSION = 5.0;
				TARGETED_DEVICE_FAMILY = "1,2";
				TEST_HOST = "$(BUILT_PRODUCTS_DIR)/Homepwner.app/Homepwner";
			};
			name = Debug;
		};
		AAB0A7D322626BAF00D9CEB0 /* Release */ = {
			isa = XCBuildConfiguration;
			buildSettings = {
				ALWAYS_EMBED_SWIFT_STANDARD_LIBRARIES = YES;
				BUNDLE_LOADER = "$(TEST_HOST)";
				CODE_SIGN_STYLE = Automatic;
				INFOPLIST_FILE = HomepwnerTests/Info.plist;
				LD_RUNPATH_SEARCH_PATHS = (
					"$(inherited)",
					"@executable_path/Frameworks",
					"@loader_path/Frameworks",
				);
				PRODUCT_BUNDLE_IDENTIFIER = com.bignerdranch.HomepwnerTests;
				PRODUCT_NAME = "$(TARGET_NAME)";
				SWIFT_VERSION = 5.0;
				TARGETED_DEVICE_FAMILY = "1,2";
				TEST_HOST = "$(BUILT_PRODUCTS_DIR)/Homepwner.app/Homepwner";
			};
			name = Release;
		};
		AAB0A7D522626BAF00D9CEB0 /* Debug */ = {
			isa = XCBuildConfiguration;
			buildSettings = {
				ALWAYS_EMBED_SWIFT_STANDARD_LIBRARIES = YES;
				CODE_SIGN_STYLE = Automatic;
				INFOPLIST_FILE = HomepwnerUITests/Info.plist;
				LD_RUNPATH_SEARCH_PATHS = (
					"$(inherited)",
					"@executable_path/Frameworks",
					"@loader_path/Frameworks",
				);
				PRODUCT_BUNDLE_IDENTIFIER = com.bignerdranch.HomepwnerUITests;
				PRODUCT_NAME = "$(TARGET_NAME)";
				SWIFT_VERSION = 5.0;
				TARGETED_DEVICE_FAMILY = "1,2";
				TEST_TARGET_NAME = Homepwner;
			};
			name = Debug;
		};
		AAB0A7D622626BAF00D9CEB0 /* Release */ = {
			isa = XCBuildConfiguration;
			buildSettings = {
				ALWAYS_EMBED_SWIFT_STANDARD_LIBRARIES = YES;
				CODE_SIGN_STYLE = Automatic;
				INFOPLIST_FILE = HomepwnerUITests/Info.plist;
				LD_RUNPATH_SEARCH_PATHS = (
					"$(inherited)",
					"@executable_path/Frameworks",
					"@loader_path/Frameworks",
				);
				PRODUCT_BUNDLE_IDENTIFIER = com.bignerdranch.HomepwnerUITests;
				PRODUCT_NAME = "$(TARGET_NAME)";
				SWIFT_VERSION = 5.0;
				TARGETED_DEVICE_FAMILY = "1,2";
				TEST_TARGET_NAME = Homepwner;
			};
			name = Release;
		};
/* End XCBuildConfiguration section */

/* Begin XCConfigurationList section */
		AAB0A7A122626BAD00D9CEB0 /* Build configuration list for PBXProject "Homepwner" */ = {
			isa = XCConfigurationList;
			buildConfigurations = (
				AAB0A7CC22626BAF00D9CEB0 /* Debug */,
				AAB0A7CD22626BAF00D9CEB0 /* Release */,
			);
			defaultConfigurationIsVisible = 0;
			defaultConfigurationName = Release;
		};
		AAB0A7CE22626BAF00D9CEB0 /* Build configuration list for PBXNativeTarget "Homepwner" */ = {
			isa = XCConfigurationList;
			buildConfigurations = (
				AAB0A7CF22626BAF00D9CEB0 /* Debug */,
				AAB0A7D022626BAF00D9CEB0 /* Release */,
			);
			defaultConfigurationIsVisible = 0;
			defaultConfigurationName = Release;
		};
		AAB0A7D122626BAF00D9CEB0 /* Build configuration list for PBXNativeTarget "HomepwnerTests" */ = {
			isa = XCConfigurationList;
			buildConfigurations = (
				AAB0A7D222626BAF00D9CEB0 /* Debug */,
				AAB0A7D322626BAF00D9CEB0 /* Release */,
			);
			defaultConfigurationIsVisible = 0;
			defaultConfigurationName = Release;
		};
		AAB0A7D422626BAF00D9CEB0 /* Build configuration list for PBXNativeTarget "HomepwnerUITests" */ = {
			isa = XCConfigurationList;
			buildConfigurations = (
				AAB0A7D522626BAF00D9CEB0 /* Debug */,
				AAB0A7D622626BAF00D9CEB0 /* Release */,
			);
			defaultConfigurationIsVisible = 0;
			defaultConfigurationName = Release;
		};
/* End XCConfigurationList section */
	};
	rootObject = AAB0A79E22626BAD00D9CEB0 /* Project object */;
}
